
Microsoft Visual Studio Solution File, Format Version 12.00
# Visual Studio Version 17
VisualStudioVersion = 17.4.33122.133
MinimumVisualStudioVersion = 10.0.40219.1
Project("{FAE04EC0-301F-11D3-BF4B-00C04F79EFBC}") = "Tic-Tac-ToeWinFormsApp", "Tic-Tac-ToeWinFormsApp\Tic-Tac-ToeWinFormsApp.csproj", "{4D36F358-CF25-4C34-95A9-8AB614540DCB}"
EndProject
Global
	GlobalSection(SolutionConfigurationPlatforms) = preSolution
		Debug|Any CPU = Debug|Any CPU
		Release|Any CPU = Release|Any CPU
	EndGlobalSection
	GlobalSection(ProjectConfigurationPlatforms) = postSolution
		{4D36F358-CF25-4C34-95A9-8AB614540DCB}.Debug|Any CPU.ActiveCfg = Debug|Any CPU
		{4D36F358-CF25-4C34-95A9-8AB614540DCB}.Debug|Any CPU.Build.0 = Debug|Any CPU
		{4D36F358-CF25-4C34-95A9-8AB614540DCB}.Release|Any CPU.ActiveCfg = Release|Any CPU
		{4D36F358-CF25-4C34-95A9-8AB614540DCB}.Release|Any CPU.Build.0 = Release|Any CPU
	EndGlobalSection
	GlobalSection(SolutionProperties) = preSolution
		HideSolutionNode = FALSE
	EndGlobalSection
	GlobalSection(ExtensibilityGlobals) = postSolution
		SolutionGuid = {3161DB60-AEB5-44DB-9E19-9DF8790A1E55}
	EndGlobalSection
EndGlobal
